// !$*UTF8*$!
{
	archiveVersion = 1;
	classes = {
	};
	objectVersion = 56;
	objects = {

/* Begin PBXBuildFile section */
		8590A7DC2C42B4F200BC72B4 /* main.cpp in Sources */ = {isa = PBXBuildFile; fileRef = 8590A7DB2C42B4F200BC72B4 /* main.cpp */; };
		8590A7E82C42CA5500BC72B4 /* RingBuffer.cpp in Sources */ = {isa = PBXBuildFile; fileRef = 8590A7E62C42CA5500BC72B4 /* RingBuffer.cpp */; };
		85C0AA902C47AC19007D43FE /* RingBufferCache.cpp in Sources */ = {isa = PBXBuildFile; fileRef = 85C0AA8F2C47AC19007D43FE /* RingBufferCache.cpp */; };
		85C0AA972C48653F007D43FE /* RequestHandler.cpp in Sources */ = {isa = PBXBuildFile; fileRef = 85C0AA952C48653F007D43FE /* RequestHandler.cpp */; };
/* End PBXBuildFile section */

/* Begin PBXCopyFilesBuildPhase section */
		8590A7D62C42B4F200BC72B4 /* CopyFiles */ = {
			isa = PBXCopyFilesBuildPhase;
			buildActionMask = 2147483647;
			dstPath = /usr/share/man/man1/;
			dstSubfolderSpec = 0;
			files = (
			);
			runOnlyForDeploymentPostprocessing = 1;
		};
/* End PBXCopyFilesBuildPhase section */

/* Begin PBXFileReference section */
		8590A7D82C42B4F200BC72B4 /* Cache */ = {isa = PBXFileReference; explicitFileType = "compiled.mach-o.executable"; includeInIndex = 0; path = Cache; sourceTree = BUILT_PRODUCTS_DIR; };
		8590A7DB2C42B4F200BC72B4 /* main.cpp */ = {isa = PBXFileReference; lastKnownFileType = sourcecode.cpp.cpp; path = main.cpp; sourceTree = "<group>"; };
		8590A7E62C42CA5500BC72B4 /* RingBuffer.cpp */ = {isa = PBXFileReference; lastKnownFileType = sourcecode.cpp.cpp; path = RingBuffer.cpp; sourceTree = "<group>"; };
		8590A7E72C42CA5500BC72B4 /* RingBuffer.hpp */ = {isa = PBXFileReference; lastKnownFileType = sourcecode.cpp.h; path = RingBuffer.hpp; sourceTree = "<group>"; };
		8590A7EC2C42DB1500BC72B4 /* HttpResponse.h */ = {isa = PBXFileReference; lastKnownFileType = sourcecode.c.h; path = HttpResponse.h; sourceTree = "<group>"; };
		8590A7F02C43106300BC72B4 /* HttpRequest.h */ = {isa = PBXFileReference; lastKnownFileType = sourcecode.c.h; path = HttpRequest.h; sourceTree = "<group>"; };
		85C0AA8E2C47AC12007D43FE /* RingBufferCache.hpp */ = {isa = PBXFileReference; lastKnownFileType = sourcecode.cpp.h; path = RingBufferCache.hpp; sourceTree = "<group>"; };
		85C0AA8F2C47AC19007D43FE /* RingBufferCache.cpp */ = {isa = PBXFileReference; fileEncoding = 4; lastKnownFileType = sourcecode.cpp.cpp; path = RingBufferCache.cpp; sourceTree = "<group>"; };
		85C0AA912C47AE66007D43FE /* Cache.h */ = {isa = PBXFileReference; lastKnownFileType = sourcecode.c.h; path = Cache.h; sourceTree = "<group>"; };
		85C0AA942C480E93007D43FE /* RequestSender.h */ = {isa = PBXFileReference; lastKnownFileType = sourcecode.c.h; path = RequestSender.h; sourceTree = "<group>"; };
		85C0AA952C48653F007D43FE /* RequestHandler.cpp */ = {isa = PBXFileReference; lastKnownFileType = sourcecode.cpp.cpp; path = RequestHandler.cpp; sourceTree = "<group>"; };
		85C0AA962C48653F007D43FE /* RequestHandler.hpp */ = {isa = PBXFileReference; lastKnownFileType = sourcecode.cpp.h; path = RequestHandler.hpp; sourceTree = "<group>"; };
		85C0AA982C48668B007D43FE /* ResponseSender.h */ = {isa = PBXFileReference; lastKnownFileType = sourcecode.c.h; path = ResponseSender.h; sourceTree = "<group>"; };
/* End PBXFileReference section */

/* Begin PBXFrameworksBuildPhase section */
		8590A7D52C42B4F200BC72B4 /* Frameworks */ = {
			isa = PBXFrameworksBuildPhase;
			buildActionMask = 2147483647;
			files = (
			);
			runOnlyForDeploymentPostprocessing = 0;
		};
/* End PBXFrameworksBuildPhase section */

/* Begin PBXGroup section */
		8590A7CF2C42B4F100BC72B4 = {
			isa = PBXGroup;
			children = (
				8590A7DA2C42B4F200BC72B4 /* Cache */,
				8590A7D92C42B4F200BC72B4 /* Products */,
			);
			sourceTree = "<group>";
		};
		8590A7D92C42B4F200BC72B4 /* Products */ = {
			isa = PBXGroup;
			children = (
				8590A7D82C42B4F200BC72B4 /* Cache */,
			);
			name = Products;
			sourceTree = "<group>";
		};
		8590A7DA2C42B4F200BC72B4 /* Cache */ = {
			isa = PBXGroup;
			children = (
				8590A7DB2C42B4F200BC72B4 /* main.cpp */,
				8590A7F02C43106300BC72B4 /* HttpRequest.h */,
				8590A7EC2C42DB1500BC72B4 /* HttpResponse.h */,
				85C0AA942C480E93007D43FE /* RequestSender.h */,
				85C0AA982C48668B007D43FE /* ResponseSender.h */,
				85C0AA962C48653F007D43FE /* RequestHandler.hpp */,
				85C0AA952C48653F007D43FE /* RequestHandler.cpp */,
				85C0AA922C47AE71007D43FE /* Cache */,
				8590A7EE2C430DAA00BC72B4 /* RingBuffer */,
			);
			path = Cache;
			sourceTree = "<group>";
		};
		8590A7EE2C430DAA00BC72B4 /* RingBuffer */ = {
			isa = PBXGroup;
			children = (
				8590A7E72C42CA5500BC72B4 /* RingBuffer.hpp */,
				8590A7E62C42CA5500BC72B4 /* RingBuffer.cpp */,
			);
			path = RingBuffer;
			sourceTree = "<group>";
		};
		85C0AA922C47AE71007D43FE /* Cache */ = {
			isa = PBXGroup;
			children = (
				85C0AA912C47AE66007D43FE /* Cache.h */,
				85C0AA8E2C47AC12007D43FE /* RingBufferCache.hpp */,
				85C0AA8F2C47AC19007D43FE /* RingBufferCache.cpp */,
			);
			path = Cache;
			sourceTree = "<group>";
		};
/* End PBXGroup section */

/* Begin PBXNativeTarget section */
		8590A7D72C42B4F200BC72B4 /* Cache */ = {
			isa = PBXNativeTarget;
			buildConfigurationList = 8590A7DF2C42B4F200BC72B4 /* Build configuration list for PBXNativeTarget "Cache" */;
			buildPhases = (
				8590A7D42C42B4F200BC72B4 /* Sources */,
				8590A7D52C42B4F200BC72B4 /* Frameworks */,
				8590A7D62C42B4F200BC72B4 /* CopyFiles */,
			);
			buildRules = (
			);
			dependencies = (
			);
			name = Cache;
			productName = Cache;
			productReference = 8590A7D82C42B4F200BC72B4 /* Cache */;
			productType = "com.apple.product-type.tool";
		};
/* End PBXNativeTarget section */

/* Begin PBXProject section */
		8590A7D02C42B4F100BC72B4 /* Project object */ = {
			isa = PBXProject;
			attributes = {
				BuildIndependentTargetsInParallel = 1;
				LastUpgradeCheck = 1540;
				TargetAttributes = {
					8590A7D72C42B4F200BC72B4 = {
						CreatedOnToolsVersion = 15.4;
					};
				};
			};
			buildConfigurationList = 8590A7D32C42B4F100BC72B4 /* Build configuration list for PBXProject "Cache" */;
			compatibilityVersion = "Xcode 14.0";
			developmentRegion = en;
			hasScannedForEncodings = 0;
			knownRegions = (
				en,
				Base,
			);
			mainGroup = 8590A7CF2C42B4F100BC72B4;
			productRefGroup = 8590A7D92C42B4F200BC72B4 /* Products */;
			projectDirPath = "";
			projectRoot = "";
			targets = (
				8590A7D72C42B4F200BC72B4 /* Cache */,
			);
		};
/* End PBXProject section */

/* Begin PBXSourcesBuildPhase section */
		8590A7D42C42B4F200BC72B4 /* Sources */ = {
			isa = PBXSourcesBuildPhase;
			buildActionMask = 2147483647;
			files = (
				85C0AA902C47AC19007D43FE /* RingBufferCache.cpp in Sources */,
				8590A7DC2C42B4F200BC72B4 /* main.cpp in Sources */,
				85C0AA972C48653F007D43FE /* RequestHandler.cpp in Sources */,
				8590A7E82C42CA5500BC72B4 /* RingBuffer.cpp in Sources */,
			);
			runOnlyForDeploymentPostprocessing = 0;
		};
/* End PBXSourcesBuildPhase section */

/* Begin XCBuildConfiguration section */
		8590A7DD2C42B4F200BC72B4 /* Debug */ = {
			isa = XCBuildConfiguration;
			buildSettings = {
				ALWAYS_SEARCH_USER_PATHS = NO;
				ASSETCATALOG_COMPILER_GENERATE_SWIFT_ASSET_SYMBOL_EXTENSIONS = YES;
				CLANG_ANALYZER_NONNULL = YES;
				CLANG_ANALYZER_NUMBER_OBJECT_CONVERSION = YES_AGGRESSIVE;
				CLANG_CXX_LANGUAGE_STANDARD = "gnu++20";
				CLANG_ENABLE_MODULES = YES;
				CLANG_ENABLE_OBJC_ARC = YES;
				CLANG_ENABLE_OBJC_WEAK = YES;
				CLANG_WARN_BLOCK_CAPTURE_AUTORELEASING = YES;
				CLANG_WARN_BOOL_CONVERSION = YES;
				CLANG_WARN_COMMA = YES;
				CLANG_WARN_CONSTANT_CONVERSION = YES;
				CLANG_WARN_DEPRECATED_OBJC_IMPLEMENTATIONS = YES;
				CLANG_WARN_DIRECT_OBJC_ISA_USAGE = YES_ERROR;
				CLANG_WARN_DOCUMENTATION_COMMENTS = YES;
				CLANG_WARN_EMPTY_BODY = YES;
				CLANG_WARN_ENUM_CONVERSION = YES;
				CLANG_WARN_INFINITE_RECURSION = YES;
				CLANG_WARN_INT_CONVERSION = YES;
				CLANG_WARN_NON_LITERAL_NULL_CONVERSION = YES;
				CLANG_WARN_OBJC_IMPLICIT_RETAIN_SELF = YES;
				CLANG_WARN_OBJC_LITERAL_CONVERSION = YES;
				CLANG_WARN_OBJC_ROOT_CLASS = YES_ERROR;
				CLANG_WARN_QUOTED_INCLUDE_IN_FRAMEWORK_HEADER = YES;
				CLANG_WARN_RANGE_LOOP_ANALYSIS = YES;
				CLANG_WARN_STRICT_PROTOTYPES = YES;
				CLANG_WARN_SUSPICIOUS_MOVE = YES;
				CLANG_WARN_UNGUARDED_AVAILABILITY = YES_AGGRESSIVE;
				CLANG_WARN_UNREACHABLE_CODE = YES;
				CLANG_WARN__DUPLICATE_METHOD_MATCH = YES;
				COPY_PHASE_STRIP = NO;
				DEBUG_INFORMATION_FORMAT = dwarf;
				ENABLE_STRICT_OBJC_MSGSEND = YES;
				ENABLE_TESTABILITY = YES;
				ENABLE_USER_SCRIPT_SANDBOXING = YES;
				GCC_C_LANGUAGE_STANDARD = gnu17;
				GCC_DYNAMIC_NO_PIC = NO;
				GCC_NO_COMMON_BLOCKS = YES;
				GCC_OPTIMIZATION_LEVEL = 0;
				GCC_PREPROCESSOR_DEFINITIONS = (
					"DEBUG=1",
					"$(inherited)",
				);
				GCC_WARN_64_TO_32_BIT_CONVERSION = YES;
				GCC_WARN_ABOUT_RETURN_TYPE = YES_ERROR;
				GCC_WARN_UNDECLARED_SELECTOR = YES;
				GCC_WARN_UNINITIALIZED_AUTOS = YES_AGGRESSIVE;
				GCC_WARN_UNUSED_FUNCTION = YES;
				GCC_WARN_UNUSED_VARIABLE = YES;
				LOCALIZATION_PREFERS_STRING_CATALOGS = YES;
				MACOSX_DEPLOYMENT_TARGET = 14.3;
				MTL_ENABLE_DEBUG_INFO = INCLUDE_SOURCE;
				MTL_FAST_MATH = YES;
				ONLY_ACTIVE_ARCH = YES;
				SDKROOT = macosx;
			};
			name = Debug;
		};
		8590A7DE2C42B4F200BC72B4 /* Release */ = {
			isa = XCBuildConfiguration;
			buildSettings = {
				ALWAYS_SEARCH_USER_PATHS = NO;
				ASSETCATALOG_COMPILER_GENERATE_SWIFT_ASSET_SYMBOL_EXTENSIONS = YES;
				CLANG_ANALYZER_NONNULL = YES;
				CLANG_ANALYZER_NUMBER_OBJECT_CONVERSION = YES_AGGRESSIVE;
				CLANG_CXX_LANGUAGE_STANDARD = "gnu++20";
				CLANG_ENABLE_MODULES = YES;
				CLANG_ENABLE_OBJC_ARC = YES;
				CLANG_ENABLE_OBJC_WEAK = YES;
				CLANG_WARN_BLOCK_CAPTURE_AUTORELEASING = YES;
				CLANG_WARN_BOOL_CONVERSION = YES;
				CLANG_WARN_COMMA = YES;
				CLANG_WARN_CONSTANT_CONVERSION = YES;
				CLANG_WARN_DEPRECATED_OBJC_IMPLEMENTATIONS = YES;
				CLANG_WARN_DIRECT_OBJC_ISA_USAGE = YES_ERROR;
				CLANG_WARN_DOCUMENTATION_COMMENTS = YES;
				CLANG_WARN_EMPTY_BODY = YES;
				CLANG_WARN_ENUM_CONVERSION = YES;
				CLANG_WARN_INFINITE_RECURSION = YES;
				CLANG_WARN_INT_CONVERSION = YES;
				CLANG_WARN_NON_LITERAL_NULL_CONVERSION = YES;
				CLANG_WARN_OBJC_IMPLICIT_RETAIN_SELF = YES;
				CLANG_WARN_OBJC_LITERAL_CONVERSION = YES;
				CLANG_WARN_OBJC_ROOT_CLASS = YES_ERROR;
				CLANG_WARN_QUOTED_INCLUDE_IN_FRAMEWORK_HEADER = YES;
				CLANG_WARN_RANGE_LOOP_ANALYSIS = YES;
				CLANG_WARN_STRICT_PROTOTYPES = YES;
				CLANG_WARN_SUSPICIOUS_MOVE = YES;
				CLANG_WARN_UNGUARDED_AVAILABILITY = YES_AGGRESSIVE;
				CLANG_WARN_UNREACHABLE_CODE = YES;
				CLANG_WARN__DUPLICATE_METHOD_MATCH = YES;
				COPY_PHASE_STRIP = NO;
				DEBUG_INFORMATION_FORMAT = "dwarf-with-dsym";
				ENABLE_NS_ASSERTIONS = NO;
				ENABLE_STRICT_OBJC_MSGSEND = YES;
				ENABLE_USER_SCRIPT_SANDBOXING = YES;
				GCC_C_LANGUAGE_STANDARD = gnu17;
				GCC_NO_COMMON_BLOCKS = YES;
				GCC_WARN_64_TO_32_BIT_CONVERSION = YES;
				GCC_WARN_ABOUT_RETURN_TYPE = YES_ERROR;
				GCC_WARN_UNDECLARED_SELECTOR = YES;
				GCC_WARN_UNINITIALIZED_AUTOS = YES_AGGRESSIVE;
				GCC_WARN_UNUSED_FUNCTION = YES;
				GCC_WARN_UNUSED_VARIABLE = YES;
				LOCALIZATION_PREFERS_STRING_CATALOGS = YES;
				MACOSX_DEPLOYMENT_TARGET = 14.3;
				MTL_ENABLE_DEBUG_INFO = NO;
				MTL_FAST_MATH = YES;
				SDKROOT = macosx;
			};
			name = Release;
		};
		8590A7E02C42B4F200BC72B4 /* Debug */ = {
			isa = XCBuildConfiguration;
			buildSettings = {
				CODE_SIGN_STYLE = Automatic;
				DEVELOPMENT_TEAM = QLD6U569JQ;
				ENABLE_HARDENED_RUNTIME = YES;
				PRODUCT_NAME = "$(TARGET_NAME)";
			};
			name = Debug;
		};
		8590A7E12C42B4F200BC72B4 /* Release */ = {
			isa = XCBuildConfiguration;
			buildSettings = {
				CODE_SIGN_STYLE = Automatic;
				DEVELOPMENT_TEAM = QLD6U569JQ;
				ENABLE_HARDENED_RUNTIME = YES;
				PRODUCT_NAME = "$(TARGET_NAME)";
			};
			name = Release;
		};
/* End XCBuildConfiguration section */

/* Begin XCConfigurationList section */
		8590A7D32C42B4F100BC72B4 /* Build configuration list for PBXProject "Cache" */ = {
			isa = XCConfigurationList;
			buildConfigurations = (
				8590A7DD2C42B4F200BC72B4 /* Debug */,
				8590A7DE2C42B4F200BC72B4 /* Release */,
			);
			defaultConfigurationIsVisible = 0;
			defaultConfigurationName = Release;
		};
		8590A7DF2C42B4F200BC72B4 /* Build configuration list for PBXNativeTarget "Cache" */ = {
			isa = XCConfigurationList;
			buildConfigurations = (
				8590A7E02C42B4F200BC72B4 /* Debug */,
				8590A7E12C42B4F200BC72B4 /* Release */,
			);
			defaultConfigurationIsVisible = 0;
			defaultConfigurationName = Release;
		};
/* End XCConfigurationList section */
	};
	rootObject = 8590A7D02C42B4F100BC72B4 /* Project object */;
}
